
Microsoft Visual Studio Solution File, Format Version 12.00
# Visual Studio Version 16
VisualStudioVersion = 16.0.31515.178
MinimumVisualStudioVersion = 10.0.40219.1
Project("{FAE04EC0-301F-11D3-BF4B-00C04F79EFBC}") = "Padaria-Bread", "Padaria-Bread.csproj", "{91C31113-49AF-46A4-B8E5-9E0CDB697039}"
EndProject
Global
	GlobalSection(SolutionConfigurationPlatforms) = preSolution
		Debug|Any CPU = Debug|Any CPU
		Release|Any CPU = Release|Any CPU
	EndGlobalSection
	GlobalSection(ProjectConfigurationPlatforms) = postSolution
		{91C31113-49AF-46A4-B8E5-9E0CDB697039}.Debug|Any CPU.ActiveCfg = Debug|Any CPU
		{91C31113-49AF-46A4-B8E5-9E0CDB697039}.Debug|Any CPU.Build.0 = Debug|Any CPU
		{91C31113-49AF-46A4-B8E5-9E0CDB697039}.Release|Any CPU.ActiveCfg = Release|Any CPU
		{91C31113-49AF-46A4-B8E5-9E0CDB697039}.Release|Any CPU.Build.0 = Release|Any CPU
	EndGlobalSection
	GlobalSection(SolutionProperties) = preSolution
		HideSolutionNode = FALSE
	EndGlobalSection
	GlobalSection(ExtensibilityGlobals) = postSolution
		SolutionGuid = {057AC9A8-E180-4ADB-B6B3-0CAA3F7A5BDF}
	EndGlobalSection
EndGlobal
